# THIS IS AN AUTOGENERATED FILE. DO NOT EDIT THIS FILE DIRECTLY.
# yarn lockfile v1


"@testim/chrome-version@^1.1.3":
  "integrity" "sha512-g697J3WxV/Zytemz8aTuKjTGYtta9+02kva3C1xc7KXB8GdbfE1akGJIsZLyY/FSh2QrnE+fiB7vmWU3XNcb6A=="
  "resolved" "https://registry.npmjs.org/@testim/chrome-version/-/chrome-version-1.1.3.tgz"
  "version" "1.1.3"

"@types/node@*":
  "integrity" "sha512-oNBIZjIqyHYP8VCNAV9uEytXVeXG2oR0w9lgAXro20eugRQfY002qr3CUl6BAe+Yf/z3CRjPdz27Pu6WWtuSRw=="
  "resolved" "https://registry.npmmirror.com/@types/node/-/node-17.0.30.tgz"
  "version" "17.0.30"

"@types/yauzl@^2.9.1":
  "integrity" "sha512-Cn6WYCm0tXv8p6k+A8PvbDG763EDpBoTzHdA+Q/MF6H3sapGjCm9NzoaJncJS9tUKSuCoDs9XHxYYsQDgxR6kw=="
  "resolved" "https://registry.npmmirror.com/@types/yauzl/-/yauzl-2.10.0.tgz"
  "version" "2.10.0"
  dependencies:
    "@types/node" "*"

"adler-32@~1.3.0":
  "integrity" "sha512-ynZ4w/nUUv5rrsR8UUGoe1VC9hZj6V5hU9Qw1HlMDJGEJw5S7TfTErWTjMys6M7vr0YWcPqs3qAr4ss0nDfP+A=="
  "resolved" "https://registry.npmmirror.com/adler-32/-/adler-32-1.3.1.tgz"
  "version" "1.3.1"

"agent-base@6":
  "integrity" "sha512-RZNwNclF7+MS/8bDg70amg32dyeZGZxiDuQmZxKLAlQjr3jGyLx+4Kkk58UO7D2QdgFIQCovuSuZESne6RG6XQ=="
  "resolved" "https://registry.npmmirror.com/agent-base/-/agent-base-6.0.2.tgz"
  "version" "6.0.2"
  dependencies:
    "debug" "4"

"asynckit@^0.4.0":
  "integrity" "sha512-Oei9OH4tRh0YqU3GxhX79dM/mwVgvbZJaSNaRk+bshkj0S5cfHcgYakreBjrHwatXKbz+IoIdYLxrKim2MjW0Q=="
  "resolved" "https://registry.npmjs.org/asynckit/-/asynckit-0.4.0.tgz"
  "version" "0.4.0"

"axios@^0.26.1":
  "integrity" "sha512-fPwcX4EvnSHuInCMItEhAGnaSEXRBjtzh9fOtsE6E1G6p7vl7edEeZe11QHf18+6+9gR5PbKV/sGKNaD8YaMeA=="
  "resolved" "https://registry.npmmirror.com/axios/-/axios-0.26.1.tgz"
  "version" "0.26.1"
  dependencies:
    "follow-redirects" "^1.14.8"

"axios@^1.2.1":
  "integrity" "sha512-eYq77dYIFS77AQlhzEL937yUBSepBfPIe8FcgEDN35vMNZKMrs81pgnyrQpwfy4NF4b4XWX1Zgx7yX+25w8QJA=="
  "resolved" "https://registry.npmjs.org/axios/-/axios-1.3.3.tgz"
  "version" "1.3.3"
  dependencies:
    "follow-redirects" "^1.15.0"
    "form-data" "^4.0.0"
    "proxy-from-env" "^1.1.0"

"balanced-match@^1.0.0":
  "integrity" "sha512-3oSeUO0TMV67hN1AmbXsK4yaqU7tjiHlbxRDZOpH0KW9+CeX4bRAaX0Anxt0tx2MrpRpWwQaPwIlISEJhYU5Pw=="
  "resolved" "https://registry.npmmirror.com/balanced-match/-/balanced-match-1.0.2.tgz"
  "version" "1.0.2"

"base64-js@^1.3.1":
  "integrity" "sha512-AKpaYlHn8t4SVbOHCy+b5+KKgvR4vrsD8vbvrbiQJps7fKDTkjkDry6ji0rUJjC0kzbNePLwzxq8iypo41qeWA=="
  "resolved" "https://registry.npmmirror.com/base64-js/-/base64-js-1.5.1.tgz"
  "version" "1.5.1"

"bl@^4.0.3":
  "integrity" "sha512-1W07cM9gS6DcLperZfFSj+bWLtaPGSOHWhPiGzXmvVJbRLdG82sH/Kn8EtW1VqWVA54AKf2h5k5BbnIbwF3h6w=="
  "resolved" "https://registry.npmmirror.com/bl/-/bl-4.1.0.tgz"
  "version" "4.1.0"
  dependencies:
    "buffer" "^5.5.0"
    "inherits" "^2.0.4"
    "readable-stream" "^3.4.0"

"brace-expansion@^1.1.7":
  "integrity" "sha512-iCuPHDFgrHX7H2vEI/5xpz07zSHB00TpugqhmYtVmMO6518mCuRMoOYFldEBl0g187ufozdaHgWKcYFb61qGiA=="
  "resolved" "https://registry.npmmirror.com/brace-expansion/-/brace-expansion-1.1.11.tgz"
  "version" "1.1.11"
  dependencies:
    "balanced-match" "^1.0.0"
    "concat-map" "0.0.1"

"buffer-crc32@~0.2.3":
  "integrity" "sha512-VO9Ht/+p3SN7SKWqcrgEzjGbRSJYTx+Q1pTQC0wrWqHx0vpJraQ6GtHx8tvcg1rlK1byhU5gccxgOgj7B0TDkQ=="
  "resolved" "https://registry.npmmirror.com/buffer-crc32/-/buffer-crc32-0.2.13.tgz"
  "version" "0.2.13"

"buffer@^5.2.1", "buffer@^5.5.0":
  "integrity" "sha512-EHcyIPBQ4BSGlvjB16k5KgAJ27CIsHY/2JBmCRReo48y9rQ3MaUzWX3KVlBa4U7MyX02HdVj0K7C3WaB3ju7FQ=="
  "resolved" "https://registry.npmmirror.com/buffer/-/buffer-5.7.1.tgz"
  "version" "5.7.1"
  dependencies:
    "base64-js" "^1.3.1"
    "ieee754" "^1.1.13"

"cfb@~1.2.1":
  "integrity" "sha512-KfdUZsSOw19/ObEWasvBP/Ac4reZvAGauZhs6S/gqNhXhI7cKwvlH7ulj+dOEYnca4bm4SGo8C1bTAQvnTjgQA=="
  "resolved" "https://registry.npmmirror.com/cfb/-/cfb-1.2.2.tgz"
  "version" "1.2.2"
  dependencies:
    "adler-32" "~1.3.0"
    "crc-32" "~1.2.0"

"chownr@^1.1.1":
  "integrity" "sha512-jJ0bqzaylmJtVnNgzTeSOs8DPavpbYgEr/b0YL8/2GO3xJEhInFmhKMUnEJQjZumK7KXGFhUy89PrsJWlakBVg=="
  "resolved" "https://registry.npmmirror.com/chownr/-/chownr-1.1.4.tgz"
  "version" "1.1.4"

"chromedriver@^110.0.0":
  "integrity" "sha512-Le6q8xrA/3fAt+g8qiN0YjsYxINIhQMC6wj9X3W5L77uN4NspEzklDrqYNwBcEVn7PcAEJ73nLlS7mTyZRspHA=="
  "resolved" "https://registry.npmjs.org/chromedriver/-/chromedriver-110.0.0.tgz"
  "version" "110.0.0"
  dependencies:
    "@testim/chrome-version" "^1.1.3"
    "axios" "^1.2.1"
    "compare-versions" "^5.0.1"
    "extract-zip" "^2.0.1"
    "https-proxy-agent" "^5.0.1"
    "proxy-from-env" "^1.1.0"
    "tcp-port-used" "^1.0.1"

"codepage@~1.15.0":
  "integrity" "sha512-3g6NUTPd/YtuuGrhMnOMRjFc+LJw/bnMp3+0r/Wcz3IXUuCosKRJvMphm5+Q+bvTVGcJJuRvVLuYba+WojaFaA=="
  "resolved" "https://registry.npmmirror.com/codepage/-/codepage-1.15.0.tgz"
  "version" "1.15.0"

"combined-stream@^1.0.8":
  "integrity" "sha512-FQN4MRfuJeHf7cBbBMJFXhKSDq+2kAArBlmRBvcvFE5BB1HZKXtSFASDhdlz9zOYwxh8lDdnvmMOe/+5cdoEdg=="
  "resolved" "https://registry.npmjs.org/combined-stream/-/combined-stream-1.0.8.tgz"
  "version" "1.0.8"
  dependencies:
    "delayed-stream" "~1.0.0"

"compare-versions@^5.0.1":
  "integrity" "sha512-4UZlZP8Z99MGEY+Ovg/uJxJuvoXuN4M6B3hKaiackiHrgzQFEe3diJi1mf1PNHbFujM7FvLrK2bpgIaImbtZ1A=="
  "resolved" "https://registry.npmjs.org/compare-versions/-/compare-versions-5.0.3.tgz"
  "version" "5.0.3"

"concat-map@0.0.1":
  "integrity" "sha512-/Srv4dswyQNBfohGpz9o6Yb3Gz3SrUDqBH5rTuhGR7ahtlbYKnVxw2bCFMRljaA7EXHaXZ8wsHdodFvbkhKmqg=="
  "resolved" "https://registry.npmmirror.com/concat-map/-/concat-map-0.0.1.tgz"
  "version" "0.0.1"

"core-util-is@~1.0.0":
  "integrity" "sha512-ZQBvi1DcpJ4GDqanjucZ2Hj3wEO5pZDS89BWbkcrvdxksJorwUDDZamX9ldFkp9aw2lmBDLgkObEA4DWNJ9FYQ=="
  "resolved" "https://registry.npmmirror.com/core-util-is/-/core-util-is-1.0.3.tgz"
  "version" "1.0.3"

"crc-32@~1.2.0", "crc-32@~1.2.1":
  "integrity" "sha512-ROmzCKrTnOwybPcJApAA6WBWij23HVfGVNKqqrZpuyZOHqK2CwHSvpGuyt/UNNvaIjEd8X5IFGp4Mh+Ie1IHJQ=="
  "resolved" "https://registry.npmmirror.com/crc-32/-/crc-32-1.2.2.tgz"
  "version" "1.2.2"

"cross-fetch@3.1.5":
  "integrity" "sha512-lvb1SBsI0Z7GDwmuid+mU3kWVBwTVUbe7S0H52yaaAdQOXq2YktTCZdlAcNKFzE6QtRz0snpw9bNiPeOIkkQvw=="
  "resolved" "https://registry.npmmirror.com/cross-fetch/-/cross-fetch-3.1.5.tgz"
  "version" "3.1.5"
  dependencies:
    "node-fetch" "2.6.7"

"data-uri-to-buffer@^4.0.0":
  "integrity" "sha512-0R9ikRb668HB7QDxT1vkpuUBtqc53YyAwMwGeUFKRojY/NWKvdZ+9UYtRfGmhqNbRkTSVpMbmyhXipFFv2cb/A=="
  "resolved" "https://registry.npmmirror.com/data-uri-to-buffer/-/data-uri-to-buffer-4.0.1.tgz"
  "version" "4.0.1"

"debug@^4.1.1", "debug@4", "debug@4.3.4":
  "integrity" "sha512-PRWFHuSU3eDtQJPvnNY7Jcket1j0t5OuOsFzPPzsekD52Zl8qUfFIPEiswXqIvHWGVHOgX+7G/vCNNhehwxfkQ=="
  "resolved" "https://registry.npmmirror.com/debug/-/debug-4.3.4.tgz"
  "version" "4.3.4"
  dependencies:
    "ms" "2.1.2"

"debug@4.3.1":
  "integrity" "sha512-doEwdvm4PCeK4K3RQN2ZC2BYUBaxwLARCqZmMjtF8a51J2Rb0xpVloFRnCODwqjpwnAoao4pelN8l3RJdv3gRQ=="
  "resolved" "https://registry.npmjs.org/debug/-/debug-4.3.1.tgz"
  "version" "4.3.1"
  dependencies:
    "ms" "2.1.2"

"deep-is@^0.1.3":
  "integrity" "sha512-oIPzksmTg4/MriiaYGO+okXDT7ztn/w3Eptv/+gSIdMdKsJo0u4CfYNFJPy+4SKMuCqGw2wxnA+URMg3t8a/bQ=="
  "resolved" "https://registry.npmjs.org/deep-is/-/deep-is-0.1.4.tgz"
  "version" "0.1.4"

"delayed-stream@~1.0.0":
  "integrity" "sha512-ZySD7Nf91aLB0RxL4KGrKHBXl7Eds1DAmEdcoVawXnLD7SDhpNgtuII2aAkg7a7QS41jxPSZ17p4VdGnMHk3MQ=="
  "resolved" "https://registry.npmjs.org/delayed-stream/-/delayed-stream-1.0.0.tgz"
  "version" "1.0.0"

"devtools-protocol@0.0.981744":
  "integrity" "sha512-0cuGS8+jhR67Fy7qG3i3Pc7Aw494sb9yG9QgpG97SFVWwolgYjlhJg7n+UaHxOQT30d1TYu/EYe9k01ivLErIg=="
  "resolved" "https://registry.npmmirror.com/devtools-protocol/-/devtools-protocol-0.0.981744.tgz"
  "version" "0.0.981744"

"end-of-stream@^1.1.0", "end-of-stream@^1.4.1":
  "integrity" "sha512-+uw1inIHVPQoaVuHzRyXd21icM+cnt4CzD5rW+NC1wjOUSTOs+Te7FOv7AhN7vS9x/oIyhLP5PR1H+phQAHu5Q=="
  "resolved" "https://registry.npmmirror.com/end-of-stream/-/end-of-stream-1.4.4.tgz"
  "version" "1.4.4"
  dependencies:
    "once" "^1.4.0"

"extract-zip@^2.0.1", "extract-zip@2.0.1":
  "integrity" "sha512-GDhU9ntwuKyGXdZBUgTIe+vXnWj0fppUEtMDL0+idd5Sta8TGpHssn/eusA9mrPr9qNDym6SxAYZjNvCn/9RBg=="
  "resolved" "https://registry.npmmirror.com/extract-zip/-/extract-zip-2.0.1.tgz"
  "version" "2.0.1"
  dependencies:
    "debug" "^4.1.1"
    "get-stream" "^5.1.0"
    "yauzl" "^2.10.0"
  optionalDependencies:
    "@types/yauzl" "^2.9.1"

"fd-slicer@~1.1.0":
  "integrity" "sha512-cE1qsB/VwyQozZ+q1dGxR8LBYNZeofhEdUNGSMbQD3Gw2lAzX9Zb3uIU6Ebc/Fmyjo9AWWfnn0AUCHqtevs/8g=="
  "resolved" "https://registry.npmmirror.com/fd-slicer/-/fd-slicer-1.1.0.tgz"
  "version" "1.1.0"
  dependencies:
    "pend" "~1.2.0"

"fetch-blob@^3.1.2", "fetch-blob@^3.1.4":
  "integrity" "sha512-7yAQpD2UMJzLi1Dqv7qFYnPbaPx7ZfFK6PiIxQ4PfkGPyNyl2Ugx+a/umUonmKqjhM4DnfbMvdX6otXq83soQQ=="
  "resolved" "https://registry.npmmirror.com/fetch-blob/-/fetch-blob-3.2.0.tgz"
  "version" "3.2.0"
  dependencies:
    "node-domexception" "^1.0.0"
    "web-streams-polyfill" "^3.0.3"

"find-up@^4.0.0":
  "integrity" "sha512-PpOwAdQ/YlXQ2vj8a3h8IipDuYRi3wceVQQGYWxNINccq40Anw7BlsEXCMbt1Zt+OLA6Fq9suIpIWD0OsnISlw=="
  "resolved" "https://registry.npmmirror.com/find-up/-/find-up-4.1.0.tgz"
  "version" "4.1.0"
  dependencies:
    "locate-path" "^5.0.0"
    "path-exists" "^4.0.0"

"follow-redirects@^1.14.8", "follow-redirects@^1.15.0":
  "integrity" "sha512-VQLG33o04KaQ8uYi2tVNbdrWp1QWxNNea+nmIB4EVM28v0hmP17z7aG1+wAkNzVq4KeXTq3221ye5qTJP91JwA=="
  "resolved" "https://registry.npmjs.org/follow-redirects/-/follow-redirects-1.15.2.tgz"
  "version" "1.15.2"

"form-data@^4.0.0":
  "integrity" "sha512-ETEklSGi5t0QMZuiXoA/Q6vcnxcLQP5vdugSpuAyi6SVGi2clPPp+xgEhuMaHC+zGgn31Kd235W35f7Hykkaww=="
  "resolved" "https://registry.npmjs.org/form-data/-/form-data-4.0.0.tgz"
  "version" "4.0.0"
  dependencies:
    "asynckit" "^0.4.0"
    "combined-stream" "^1.0.8"
    "mime-types" "^2.1.12"

"formdata-polyfill@^4.0.10":
  "integrity" "sha512-buewHzMvYL29jdeQTVILecSaZKnt/RJWjoZCF5OW60Z67/GmSLBkOFM7qh1PI3zFNtJbaZL5eQu1vLfazOwj4g=="
  "resolved" "https://registry.npmmirror.com/formdata-polyfill/-/formdata-polyfill-4.0.10.tgz"
  "version" "4.0.10"
  dependencies:
    "fetch-blob" "^3.1.2"

"frac@~1.1.2":
  "integrity" "sha512-w/XBfkibaTl3YDqASwfDUqkna4Z2p9cFSr1aHDt0WoMTECnRfBOv2WArlZILlqgWlmdIlALXGpM2AOhEk5W3IA=="
  "resolved" "https://registry.npmmirror.com/frac/-/frac-1.1.2.tgz"
  "version" "1.1.2"

"fs-constants@^1.0.0":
  "integrity" "sha512-y6OAwoSIf7FyjMIv94u+b5rdheZEjzR63GTyZJm5qh4Bi+2YgwLCcI/fPFZkL5PSixOt6ZNKm+w+Hfp/Bciwow=="
  "resolved" "https://registry.npmmirror.com/fs-constants/-/fs-constants-1.0.0.tgz"
  "version" "1.0.0"

"fs.realpath@^1.0.0":
  "integrity" "sha512-OO0pH2lK6a0hZnAdau5ItzHPI6pUlvI7jMVnxUQRtw4owF2wk8lOSabtGDCTP4Ggrg2MbGnWO9X8K1t4+fGMDw=="
  "resolved" "https://registry.npmmirror.com/fs.realpath/-/fs.realpath-1.0.0.tgz"
  "version" "1.0.0"

"get-stream@^5.1.0":
  "integrity" "sha512-nBF+F1rAZVCu/p7rjzgA+Yb4lfYXrpl7a6VmJrU8wF9I1CKvP/QwPNZHnOlwbTkY6dvtFIzFMSyQXbLoTQPRpA=="
  "resolved" "https://registry.npmmirror.com/get-stream/-/get-stream-5.2.0.tgz"
  "version" "5.2.0"
  dependencies:
    "pump" "^3.0.0"

"glob@^7.1.3":
  "integrity" "sha512-lmLf6gtyrPq8tTjSmrO94wBeQbFR3HbLHbuyD69wuyQkImp2hWqMGB47OX65FBkPffO641IP9jWa1z4ivqG26Q=="
  "resolved" "https://registry.npmmirror.com/glob/-/glob-7.2.0.tgz"
  "version" "7.2.0"
  dependencies:
    "fs.realpath" "^1.0.0"
    "inflight" "^1.0.4"
    "inherits" "2"
    "minimatch" "^3.0.4"
    "once" "^1.3.0"
    "path-is-absolute" "^1.0.0"

"https-proxy-agent@^5.0.1", "https-proxy-agent@5.0.1":
  "integrity" "sha512-dFcAjpTQFgoLMzC2VwU+C/CbS7uRL0lWmxDITmqm7C+7F0Odmj6s9l6alZc6AELXhrnggM2CeWSXHGOdX2YtwA=="
  "resolved" "https://registry.npmmirror.com/https-proxy-agent/-/https-proxy-agent-5.0.1.tgz"
  "version" "5.0.1"
  dependencies:
    "agent-base" "6"
    "debug" "4"

"ieee754@^1.1.13":
  "integrity" "sha512-dcyqhDvX1C46lXZcVqCpK+FtMRQVdIMN6/Df5js2zouUsqG7I6sFxitIC+7KYK29KdXOLHdu9zL4sFnoVQnqaA=="
  "resolved" "https://registry.npmmirror.com/ieee754/-/ieee754-1.2.1.tgz"
  "version" "1.2.1"

"immediate@~3.0.5":
  "integrity" "sha512-XXOFtyqDjNDAQxVfYxuF7g9Il/IbWmmlQg2MYKOH8ExIT1qg6xc4zyS3HaEEATgs1btfzxq15ciUiY7gjSXRGQ=="
  "resolved" "https://registry.npmmirror.com/immediate/-/immediate-3.0.6.tgz"
  "version" "3.0.6"

"inflight@^1.0.4":
  "integrity" "sha512-k92I/b08q4wvFscXCLvqfsHCrjrF7yiXsQuIVvVE7N82W3+aqpzuUdBbfhWcy/FZR3/4IgflMgKLOsvPDrGCJA=="
  "resolved" "https://registry.npmmirror.com/inflight/-/inflight-1.0.6.tgz"
  "version" "1.0.6"
  dependencies:
    "once" "^1.3.0"
    "wrappy" "1"

"inherits@^2.0.3", "inherits@^2.0.4", "inherits@~2.0.3", "inherits@2":
  "integrity" "sha512-k/vGaX4/Yla3WzyMCvTQOXYeIHvqOKtnqBduzTHpzpQZzAskKMhZ2K+EnBiSM9zGSoIFeMpXKxa4dYeZIQqewQ=="
  "resolved" "https://registry.npmmirror.com/inherits/-/inherits-2.0.4.tgz"
  "version" "2.0.4"

"ip-regex@^4.1.0":
  "integrity" "sha512-B9ZWJxHHOHUhUjCPrMpLD4xEq35bUTClHM1S6CBU5ixQnkZmwipwgc96vAd7AAGM9TGHvJR+Uss+/Ak6UphK+Q=="
  "resolved" "https://registry.npmjs.org/ip-regex/-/ip-regex-4.3.0.tgz"
  "version" "4.3.0"

"is-url@^1.2.4":
  "integrity" "sha512-ITvGim8FhRiYe4IQ5uHSkj7pVaPDrCTkNd3yq3cV7iZAcJdHTUMPMEHcqSOy9xZ9qFenQCvi+2wjH9a1nXqHww=="
  "resolved" "https://registry.npmjs.org/is-url/-/is-url-1.2.4.tgz"
  "version" "1.2.4"

"is2@^2.0.6":
  "integrity" "sha512-rZkHeBn9Zzq52sd9IUIV3a5mfwBY+o2HePMh0wkGBM4z4qjvy2GwVxQ6nNXSfw6MmVP6gf1QIlWjiOavhM3x5g=="
  "resolved" "https://registry.npmjs.org/is2/-/is2-2.0.9.tgz"
  "version" "2.0.9"
  dependencies:
    "deep-is" "^0.1.3"
    "ip-regex" "^4.1.0"
    "is-url" "^1.2.4"

"isarray@~1.0.0":
  "integrity" "sha512-VLghIWNM6ELQzo7zwmcg0NmTVyWKYjvIeM83yjp0wRDTmUnrM678fQbcKBo6n2CJEF0szoG//ytg+TKla89ALQ=="
  "resolved" "https://registry.npmmirror.com/isarray/-/isarray-1.0.0.tgz"
  "version" "1.0.0"

"jszip@^3.6.0":
  "integrity" "sha512-H9A60xPqJ1CuC4Ka6qxzXZeU8aNmgOeP5IFqwJbQQwtu2EUYxota3LdsiZWplF7Wgd9tkAd0mdu36nceSaPuYw=="
  "resolved" "https://registry.npmmirror.com/jszip/-/jszip-3.9.1.tgz"
  "version" "3.9.1"
  dependencies:
    "lie" "~3.3.0"
    "pako" "~1.0.2"
    "readable-stream" "~2.3.6"
    "set-immediate-shim" "~1.0.1"

"lie@~3.3.0":
  "integrity" "sha512-UaiMJzeWRlEujzAuw5LokY1L5ecNQYZKfmyZ9L7wDHb/p5etKaxXhohBcrw0EYby+G/NA52vRSN4N39dxHAIwQ=="
  "resolved" "https://registry.npmmirror.com/lie/-/lie-3.3.0.tgz"
  "version" "3.3.0"
  dependencies:
    "immediate" "~3.0.5"

"locate-path@^5.0.0":
  "integrity" "sha512-t7hw9pI+WvuwNJXwk5zVHpyhIqzg2qTlklJOf0mVxGSbe3Fp2VieZcduNYjaLDoy6p9uGpQEGWG87WpMKlNq8g=="
  "resolved" "https://registry.npmmirror.com/locate-path/-/locate-path-5.0.0.tgz"
  "version" "5.0.0"
  dependencies:
    "p-locate" "^4.1.0"

"mime-db@1.52.0":
  "integrity" "sha512-sPU4uV7dYlvtWJxwwxHD0PuihVNiE7TyAbQ5SWxDCB9mUYvOgroQOwYQQOKPJ8CIbE+1ETVlOoK1UC2nU3gYvg=="
  "resolved" "https://registry.npmjs.org/mime-db/-/mime-db-1.52.0.tgz"
  "version" "1.52.0"

"mime-types@^2.1.12":
  "integrity" "sha512-ZDY+bPm5zTTF+YpCrAU9nK0UgICYPT0QtT1NZWFv4s++TNkcgVaT0g6+4R2uI4MjQjzysHB1zxuWL50hzaeXiw=="
  "resolved" "https://registry.npmjs.org/mime-types/-/mime-types-2.1.35.tgz"
  "version" "2.1.35"
  dependencies:
    "mime-db" "1.52.0"

"minimatch@^3.0.4":
  "integrity" "sha512-J7p63hRiAjw1NDEww1W7i37+ByIrOWO5XQQAzZ3VOcL0PNybwpfmV/N05zFAzwQ9USyEcX6t3UO+K5aqBQOIHw=="
  "resolved" "https://registry.npmmirror.com/minimatch/-/minimatch-3.1.2.tgz"
  "version" "3.1.2"
  dependencies:
    "brace-expansion" "^1.1.7"

"mkdirp-classic@^0.5.2":
  "integrity" "sha512-gKLcREMhtuZRwRAfqP3RFW+TK4JqApVBtOIftVgjuABpAtpxhPGaDcfvbhNvD0B8iD1oUr/txX35NjcaY6Ns/A=="
  "resolved" "https://registry.npmmirror.com/mkdirp-classic/-/mkdirp-classic-0.5.3.tgz"
  "version" "0.5.3"

"ms@2.1.2":
  "integrity" "sha512-sGkPx+VjMtmA6MX27oA4FBFELFCZZ4S4XqeGOXCv68tT+jb3vk/RyaKWP0PTKyWtmLSM0b+adUTEvbs1PEaH2w=="
  "resolved" "https://registry.npmmirror.com/ms/-/ms-2.1.2.tgz"
  "version" "2.1.2"

"node-domexception@^1.0.0":
  "integrity" "sha512-/jKZoMpw0F8GRwl4/eLROPA3cfcXtLApP0QzLmUT/HuPCZWyB7IY9ZrMeKw2O/nFIqPQB3PVM9aYm0F312AXDQ=="
  "resolved" "https://registry.npmmirror.com/node-domexception/-/node-domexception-1.0.0.tgz"
  "version" "1.0.0"

"node-fetch@^3.3.2":
  "integrity" "sha512-dRB78srN/l6gqWulah9SrxeYnxeddIG30+GOqK/9OlLVyLg3HPnr6SqOWTWOXKRwC2eGYCkZ59NNuSgvSrpgOA=="
  "resolved" "https://registry.npmmirror.com/node-fetch/-/node-fetch-3.3.2.tgz"
  "version" "3.3.2"
  dependencies:
    "data-uri-to-buffer" "^4.0.0"
    "fetch-blob" "^3.1.4"
    "formdata-polyfill" "^4.0.10"

"node-fetch@2.6.7":
  "integrity" "sha512-ZjMPFEfVx5j+y2yF35Kzx5sF7kDzxuDj6ziH4FFbOp87zKDZNx8yExJIb05OGF4Nlt9IHFIMBkRl41VdvcNdbQ=="
  "resolved" "https://registry.npmmirror.com/node-fetch/-/node-fetch-2.6.7.tgz"
  "version" "2.6.7"
  dependencies:
    "whatwg-url" "^5.0.0"

"once@^1.3.0", "once@^1.3.1", "once@^1.4.0":
  "integrity" "sha512-lNaJgI+2Q5URQBkccEKHTQOPaXdUxnZZElQTZY0MFUAuaEqe1E+Nyvgdz/aIyNi6Z9MzO5dv1H8n58/GELp3+w=="
  "resolved" "https://registry.npmmirror.com/once/-/once-1.4.0.tgz"
  "version" "1.4.0"
  dependencies:
    "wrappy" "1"

"p-limit@^2.2.0":
  "integrity" "sha512-//88mFWSJx8lxCzwdAABTJL2MyWB12+eIY7MDL2SqLmAkeKU9qxRvWuSyTjm3FUmpBEMuFfckAIqEaVGUDxb6w=="
  "resolved" "https://registry.npmmirror.com/p-limit/-/p-limit-2.3.0.tgz"
  "version" "2.3.0"
  dependencies:
    "p-try" "^2.0.0"

"p-locate@^4.1.0":
  "integrity" "sha512-R79ZZ/0wAxKGu3oYMlz8jy/kbhsNrS7SKZ7PxEHBgJ5+F2mtFW2fK2cOtBh1cHYkQsbzFV7I+EoRKe6Yt0oK7A=="
  "resolved" "https://registry.npmmirror.com/p-locate/-/p-locate-4.1.0.tgz"
  "version" "4.1.0"
  dependencies:
    "p-limit" "^2.2.0"

"p-try@^2.0.0":
  "integrity" "sha512-R4nPAVTAU0B9D35/Gk3uJf/7XYbQcyohSKdvAxIRSNghFl4e71hVoGnBNQz9cWaXxO2I10KTC+3jMdvvoKw6dQ=="
  "resolved" "https://registry.npmmirror.com/p-try/-/p-try-2.2.0.tgz"
  "version" "2.2.0"

"pako@~1.0.2":
  "integrity" "sha512-4hLB8Py4zZce5s4yd9XzopqwVv/yGNhV1Bl8NTmCq1763HeK2+EwVTv+leGeL13Dnh2wfbqowVPXCIO0z4taYw=="
  "resolved" "https://registry.npmmirror.com/pako/-/pako-1.0.11.tgz"
  "version" "1.0.11"

"path-exists@^4.0.0":
  "integrity" "sha512-ak9Qy5Q7jYb2Wwcey5Fpvg2KoAc/ZIhLSLOSBmRmygPsGwkVVt0fZa0qrtMz+m6tJTAHfZQ8FnmB4MG4LWy7/w=="
  "resolved" "https://registry.npmmirror.com/path-exists/-/path-exists-4.0.0.tgz"
  "version" "4.0.0"

"path-is-absolute@^1.0.0":
  "integrity" "sha512-AVbw3UJ2e9bq64vSaS9Am0fje1Pa8pbGqTTsmXfaIiMpnr5DlDhfJOuLj9Sf95ZPVDAUerDfEk88MPmPe7UCQg=="
  "resolved" "https://registry.npmmirror.com/path-is-absolute/-/path-is-absolute-1.0.1.tgz"
  "version" "1.0.1"

"pend@~1.2.0":
  "integrity" "sha512-F3asv42UuXchdzt+xXqfW1OGlVBe+mxa2mqI0pg5yAHZPvFmY3Y6drSf/GQ1A86WgWEN9Kzh/WrgKa6iGcHXLg=="
  "resolved" "https://registry.npmmirror.com/pend/-/pend-1.2.0.tgz"
  "version" "1.2.0"

"pkg-dir@4.2.0":
  "integrity" "sha512-HRDzbaKjC+AOWVXxAU/x54COGeIv9eb+6CkDSQoNTt4XyWoIJvuPsXizxu/Fr23EiekbtZwmh1IcIG/l/a10GQ=="
  "resolved" "https://registry.npmmirror.com/pkg-dir/-/pkg-dir-4.2.0.tgz"
  "version" "4.2.0"
  dependencies:
    "find-up" "^4.0.0"

"process-nextick-args@~2.0.0":
  "integrity" "sha512-3ouUOpQhtgrbOa17J7+uxOTpITYWaGP7/AhoR3+A+/1e9skrzelGi/dXzEYyvbxubEF6Wn2ypscTKiKJFFn1ag=="
  "resolved" "https://registry.npmmirror.com/process-nextick-args/-/process-nextick-args-2.0.1.tgz"
  "version" "2.0.1"

"progress@2.0.3":
  "integrity" "sha512-7PiHtLll5LdnKIMw100I+8xJXR5gW2QwWYkT6iJva0bXitZKa/XMrSbdmg3r2Xnaidz9Qumd0VPaMrZlF9V9sA=="
  "resolved" "https://registry.npmmirror.com/progress/-/progress-2.0.3.tgz"
  "version" "2.0.3"

"proxy-from-env@^1.1.0", "proxy-from-env@1.1.0":
  "integrity" "sha512-D+zkORCbA9f1tdWRK0RaCR3GPv50cMxcrz4X8k5LTSUD1Dkw47mKJEZQNunItRTkWwgtaUSo1RVFRIG9ZXiFYg=="
  "resolved" "https://registry.npmmirror.com/proxy-from-env/-/proxy-from-env-1.1.0.tgz"
  "version" "1.1.0"

"pump@^3.0.0":
  "integrity" "sha512-LwZy+p3SFs1Pytd/jYct4wpv49HiYCqd9Rlc5ZVdk0V+8Yzv6jR5Blk3TRmPL1ft69TxP0IMZGJ+WPFU2BFhww=="
  "resolved" "https://registry.npmmirror.com/pump/-/pump-3.0.0.tgz"
  "version" "3.0.0"
  dependencies:
    "end-of-stream" "^1.1.0"
    "once" "^1.3.1"

"puppeteer@^13.5.2":
  "integrity" "sha512-U1uufzBjz3+PkpCxFrWzh4OrMIdIb2ztzCu0YEPfRHjHswcSwHZswnK+WdsOQJsRV8WeTg3jLhJR4D867+fjsA=="
  "resolved" "https://registry.npmmirror.com/puppeteer/-/puppeteer-13.7.0.tgz"
  "version" "13.7.0"
  dependencies:
    "cross-fetch" "3.1.5"
    "debug" "4.3.4"
    "devtools-protocol" "0.0.981744"
    "extract-zip" "2.0.1"
    "https-proxy-agent" "5.0.1"
    "pkg-dir" "4.2.0"
    "progress" "2.0.3"
    "proxy-from-env" "1.1.0"
    "rimraf" "3.0.2"
    "tar-fs" "2.1.1"
    "unbzip2-stream" "1.4.3"
    "ws" "8.5.0"

"readable-stream@^3.1.1", "readable-stream@^3.4.0":
  "integrity" "sha512-BViHy7LKeTz4oNnkcLJ+lVSL6vpiFeX6/d3oSH8zCW7UxP2onchk+vTGB143xuFjHS3deTgkKoXXymXqymiIdA=="
  "resolved" "https://registry.npmmirror.com/readable-stream/-/readable-stream-3.6.0.tgz"
  "version" "3.6.0"
  dependencies:
    "inherits" "^2.0.3"
    "string_decoder" "^1.1.1"
    "util-deprecate" "^1.0.1"

"readable-stream@~2.3.6":
  "integrity" "sha512-Ebho8K4jIbHAxnuxi7o42OrZgF/ZTNcsZj6nRKyUmkhLFq8CHItp/fy6hQZuZmP/n3yZ9VBUbp4zz/mX8hmYPw=="
  "resolved" "https://registry.npmmirror.com/readable-stream/-/readable-stream-2.3.7.tgz"
  "version" "2.3.7"
  dependencies:
    "core-util-is" "~1.0.0"
    "inherits" "~2.0.3"
    "isarray" "~1.0.0"
    "process-nextick-args" "~2.0.0"
    "safe-buffer" "~5.1.1"
    "string_decoder" "~1.1.1"
    "util-deprecate" "~1.0.1"

"rimraf@^3.0.0", "rimraf@3.0.2":
  "integrity" "sha512-JZkJMZkAGFFPP2YqXZXPbMlMBgsxzE8ILs4lMIX/2o0L9UBw9O/Y3o6wFw/i9YLapcUJWwqbi3kdxIPdC62TIA=="
  "resolved" "https://registry.npmmirror.com/rimraf/-/rimraf-3.0.2.tgz"
  "version" "3.0.2"
  dependencies:
    "glob" "^7.1.3"

"safe-buffer@~5.1.0", "safe-buffer@~5.1.1":
  "integrity" "sha512-Gd2UZBJDkXlY7GbJxfsE8/nvKkUEU1G38c1siN6QP6a9PT9MmHB8GnpscSmMJSoF8LOIrt8ud/wPtojys4G6+g=="
  "resolved" "https://registry.npmmirror.com/safe-buffer/-/safe-buffer-5.1.2.tgz"
  "version" "5.1.2"

"safe-buffer@~5.2.0":
  "integrity" "sha512-rp3So07KcdmmKbGvgaNxQSJr7bGVSVk5S9Eq1F+ppbRo70+YeaDxkw5Dd8NPN+GD6bjnYm2VuPuCXmpuYvmCXQ=="
  "resolved" "https://registry.npmmirror.com/safe-buffer/-/safe-buffer-5.2.1.tgz"
  "version" "5.2.1"

"selenium-webdriver@^4.1.1":
  "integrity" "sha512-e4Ap8vQvhipgBB8Ry9zBiKGkU6kHKyNnWiavGGLKkrdW81Zv7NVMtFOL/j3yX0G8QScM7XIXijKssNd4EUxSOw=="
  "resolved" "https://registry.npmmirror.com/selenium-webdriver/-/selenium-webdriver-4.1.2.tgz"
  "version" "4.1.2"
  dependencies:
    "jszip" "^3.6.0"
    "tmp" "^0.2.1"
    "ws" ">=7.4.6"

"set-immediate-shim@~1.0.1":
  "integrity" "sha512-Li5AOqrZWCVA2n5kryzEmqai6bKSIvpz5oUJHPVj6+dsbD3X1ixtsY5tEnsaNpH3pFAHmG8eIHUrtEtohrg+UQ=="
  "resolved" "https://registry.npmmirror.com/set-immediate-shim/-/set-immediate-shim-1.0.1.tgz"
  "version" "1.0.1"

"ssf@~0.11.2":
  "integrity" "sha512-+idbmIXoYET47hH+d7dfm2epdOMUDjqcB4648sTZ+t2JwoyBFL/insLfB/racrDmsKB3diwsDA696pZMieAC5g=="
  "resolved" "https://registry.npmmirror.com/ssf/-/ssf-0.11.2.tgz"
  "version" "0.11.2"
  dependencies:
    "frac" "~1.1.2"

"string_decoder@^1.1.1":
  "integrity" "sha512-hkRX8U1WjJFd8LsDJ2yQ/wWWxaopEsABU1XfkM8A+j0+85JAGppt16cr1Whg6KIbb4okU6Mql6BOj+uup/wKeA=="
  "resolved" "https://registry.npmmirror.com/string_decoder/-/string_decoder-1.3.0.tgz"
  "version" "1.3.0"
  dependencies:
    "safe-buffer" "~5.2.0"

"string_decoder@~1.1.1":
  "integrity" "sha512-n/ShnvDi6FHbbVfviro+WojiFzv+s8MPMHBczVePfUpDJLwoLT0ht1l4YwBCbi8pJAveEEdnkHyPyTP/mzRfwg=="
  "resolved" "https://registry.npmmirror.com/string_decoder/-/string_decoder-1.1.1.tgz"
  "version" "1.1.1"
  dependencies:
    "safe-buffer" "~5.1.0"

"tar-fs@2.1.1":
  "integrity" "sha512-V0r2Y9scmbDRLCNex/+hYzvp/zyYjvFbHPNgVTKfQvVrb6guiE/fxP+XblDNR011utopbkex2nM4dHNV6GDsng=="
  "resolved" "https://registry.npmmirror.com/tar-fs/-/tar-fs-2.1.1.tgz"
  "version" "2.1.1"
  dependencies:
    "chownr" "^1.1.1"
    "mkdirp-classic" "^0.5.2"
    "pump" "^3.0.0"
    "tar-stream" "^2.1.4"

"tar-stream@^2.1.4":
  "integrity" "sha512-ujeqbceABgwMZxEJnk2HDY2DlnUZ+9oEcb1KzTVfYHio0UE6dG71n60d8D2I4qNvleWrrXpmjpt7vZeF1LnMZQ=="
  "resolved" "https://registry.npmmirror.com/tar-stream/-/tar-stream-2.2.0.tgz"
  "version" "2.2.0"
  dependencies:
    "bl" "^4.0.3"
    "end-of-stream" "^1.4.1"
    "fs-constants" "^1.0.0"
    "inherits" "^2.0.3"
    "readable-stream" "^3.1.1"

"tcp-port-used@^1.0.1":
  "integrity" "sha512-l7ar8lLUD3XS1V2lfoJlCBaeoaWo/2xfYt81hM7VlvR4RrMVFqfmzfhLVk40hAb368uitje5gPtBRL1m/DGvLA=="
  "resolved" "https://registry.npmjs.org/tcp-port-used/-/tcp-port-used-1.0.2.tgz"
  "version" "1.0.2"
  dependencies:
    "debug" "4.3.1"
    "is2" "^2.0.6"

"through@^2.3.8":
  "integrity" "sha512-w89qg7PI8wAdvX60bMDP+bFoD5Dvhm9oLheFp5O4a2QF0cSBGsBX4qZmadPMvVqlLJBBci+WqGGOAPvcDeNSVg=="
  "resolved" "https://registry.npmmirror.com/through/-/through-2.3.8.tgz"
  "version" "2.3.8"

"tmp@^0.2.1":
  "integrity" "sha512-76SUhtfqR2Ijn+xllcI5P1oyannHNHByD80W1q447gU3mp9G9PSpGdWmjUOHRDPiHYacIk66W7ubDTuPF3BEtQ=="
  "resolved" "https://registry.npmmirror.com/tmp/-/tmp-0.2.1.tgz"
  "version" "0.2.1"
  dependencies:
    "rimraf" "^3.0.0"

"tr46@~0.0.3":
  "integrity" "sha512-N3WMsuqV66lT30CrXNbEjx4GEwlow3v6rr4mCcv6prnfwhS01rkgyFdjPNBYd9br7LpXV1+Emh01fHnq2Gdgrw=="
  "resolved" "https://registry.npmmirror.com/tr46/-/tr46-0.0.3.tgz"
  "version" "0.0.3"

"unbzip2-stream@1.4.3":
  "integrity" "sha512-mlExGW4w71ebDJviH16lQLtZS32VKqsSfk80GCfUlwT/4/hNRFsoscrF/c++9xinkMzECL1uL9DDwXqFWkruPg=="
  "resolved" "https://registry.npmmirror.com/unbzip2-stream/-/unbzip2-stream-1.4.3.tgz"
  "version" "1.4.3"
  dependencies:
    "buffer" "^5.2.1"
    "through" "^2.3.8"

"util-deprecate@^1.0.1", "util-deprecate@~1.0.1":
  "integrity" "sha512-EPD5q1uXyFxJpCrLnCc1nHnq3gOa6DZBocAIiI2TaSCA7VCJ1UJDMagCzIkXNsUYfD1daK//LTEQ8xiIbrHtcw=="
  "resolved" "https://registry.npmmirror.com/util-deprecate/-/util-deprecate-1.0.2.tgz"
  "version" "1.0.2"

"web-streams-polyfill@^3.0.3":
  "integrity" "sha512-d2JWLCivmZYTSIoge9MsgFCZrt571BikcWGYkjC1khllbTeDlGqZ2D8vD8E/lJa8WGWbb7Plm8/XJYV7IJHZZw=="
  "resolved" "https://registry.npmmirror.com/web-streams-polyfill/-/web-streams-polyfill-3.3.3.tgz"
  "version" "3.3.3"

"webidl-conversions@^3.0.0":
  "integrity" "sha512-2JAn3z8AR6rjK8Sm8orRC0h/bcl/DqL7tRPdGZ4I1CjdF+EaMLmYxBHyXuKL849eucPFhvBoxMsflfOb8kxaeQ=="
  "resolved" "https://registry.npmmirror.com/webidl-conversions/-/webidl-conversions-3.0.1.tgz"
  "version" "3.0.1"

"whatwg-url@^5.0.0":
  "integrity" "sha512-saE57nupxk6v3HY35+jzBwYa0rKSy0XR8JSxZPwgLr7ys0IBzhGviA1/TUGJLmSVqs8pb9AnvICXEuOHLprYTw=="
  "resolved" "https://registry.npmmirror.com/whatwg-url/-/whatwg-url-5.0.0.tgz"
  "version" "5.0.0"
  dependencies:
    "tr46" "~0.0.3"
    "webidl-conversions" "^3.0.0"

"wmf@~1.0.1":
  "integrity" "sha512-/p9K7bEh0Dj6WbXg4JG0xvLQmIadrner1bi45VMJTfnbVHsc7yIajZyoSoK60/dtVBs12Fm6WkUI5/3WAVsNMw=="
  "resolved" "https://registry.npmmirror.com/wmf/-/wmf-1.0.2.tgz"
  "version" "1.0.2"

"word@~0.3.0":
  "integrity" "sha512-OELeY0Q61OXpdUfTp+oweA/vtLVg5VDOXh+3he3PNzLGG/y0oylSOC1xRVj0+l4vQ3tj/bB1HVHv1ocXkQceFA=="
  "resolved" "https://registry.npmmirror.com/word/-/word-0.3.0.tgz"
  "version" "0.3.0"

"wrappy@1":
  "integrity" "sha512-l4Sp/DRseor9wL6EvV2+TuQn63dMkPjZ/sp9XkghTEbV9KlPS1xUsZ3u7/IQO4wxtcFB4bgpQPRcR3QCvezPcQ=="
  "resolved" "https://registry.npmmirror.com/wrappy/-/wrappy-1.0.2.tgz"
  "version" "1.0.2"

"ws@>=7.4.6", "ws@8.5.0":
  "integrity" "sha512-BWX0SWVgLPzYwF8lTzEy1egjhS4S4OEAHfsO8o65WOVsrnSRGaSiUaa9e0ggGlkMTtBlmOpEXiie9RUcBO86qg=="
  "resolved" "https://registry.npmmirror.com/ws/-/ws-8.5.0.tgz"
  "version" "8.5.0"

"xlsx@^0.18.5":
  "integrity" "sha512-dmg3LCjBPHZnQp5/F/+nnTa+miPJxUXB6vtk42YjBBKayDNagxGEeIdWApkYPOf3Z3pm3k62Knjzp7lMeTEtFQ=="
  "resolved" "https://registry.npmmirror.com/xlsx/-/xlsx-0.18.5.tgz"
  "version" "0.18.5"
  dependencies:
    "adler-32" "~1.3.0"
    "cfb" "~1.2.1"
    "codepage" "~1.15.0"
    "crc-32" "~1.2.1"
    "ssf" "~0.11.2"
    "wmf" "~1.0.1"
    "word" "~0.3.0"

"yauzl@^2.10.0":
  "integrity" "sha512-p4a9I6X6nu6IhoGmBqAcbJy1mlC4j27vEPZX9F4L4/vZT3Lyq1VkFHw/V/PUcB9Buo+DG3iHkT0x3Qya58zc3g=="
  "resolved" "https://registry.npmmirror.com/yauzl/-/yauzl-2.10.0.tgz"
  "version" "2.10.0"
  dependencies:
    "buffer-crc32" "~0.2.3"
    "fd-slicer" "~1.1.0"
